
Microsoft Visual Studio Solution File, Format Version 12.00
# Visual Studio Version 17
VisualStudioVersion = 17.11.35219.272
MinimumVisualStudioVersion = 10.0.40219.1
Project("{888888A0-9F3D-457C-B088-3A5042F75D52}") = "dictionary", "dictionary.pyproj", "{DCB5D9CB-395D-4757-BBB9-A34CD3A8F3DF}"
EndProject
Global
	GlobalSection(SolutionConfigurationPlatforms) = preSolution
		Debug|Any CPU = Debug|Any CPU
		Release|Any CPU = Release|Any CPU
	EndGlobalSection
	GlobalSection(ProjectConfigurationPlatforms) = postSolution
		{DCB5D9CB-395D-4757-BBB9-A34CD3A8F3DF}.Debug|Any CPU.ActiveCfg = Debug|Any CPU
		{DCB5D9CB-395D-4757-BBB9-A34CD3A8F3DF}.Release|Any CPU.ActiveCfg = Release|Any CPU
	EndGlobalSection
	GlobalSection(SolutionProperties) = preSolution
		HideSolutionNode = FALSE
	EndGlobalSection
	GlobalSection(ExtensibilityGlobals) = postSolution
		SolutionGuid = {E16764D8-89CE-41B1-B068-B2C682D6FF9F}
	EndGlobalSection
EndGlobal
